{
  "name": "Linki",
  "lockfileVersion": 3,
  "requires": true,
  "packages": {
    "": {
      "dependencies": {
        "@douyin-microapp/microapp-ar-three": "^0.0.5"
      }
    },
    "node_modules/@douyin-microapp/microapp-ar-three": {
      "version": "0.0.5",
      "resolved": "https://registry.npmmirror.com/@douyin-microapp/microapp-ar-three/-/microapp-ar-three-0.0.5.tgz",
      "integrity": "sha512-gQcnQxV8BN8aJoTiG9bC53ONXJM2zr1rd0KCDp8iyYUUyafc+vk7jfVu5Qesm0Khz6Fch9ZMVvB5eD6p15zaNw==",
      "license": "MIT",
      "dependencies": {
        "tslib": "2.3.0"
      },
      "peerDependencies": {
        "three": "*"
      }
    },
    "node_modules/three": {
      "version": "0.179.1",
      "resolved": "https://registry.npmmirror.com/three/-/three-0.179.1.tgz",
      "integrity": "sha512-5y/elSIQbrvKOISxpwXCR4sQqHtGiOI+MKLc3SsBdDXA2hz3Mdp3X59aUp8DyybMa34aeBwbFTpdoLJaUDEWSw==",
      "license": "MIT",
      "peer": true
    },
    "node_modules/tslib": {
      "version": "2.3.0",
      "resolved": "https://registry.npmmirror.com/tslib/-/tslib-2.3.0.tgz",
      "integrity": "sha512-N82ooyxVNm6h1riLCoyS9e3fuJ3AMG2zIZs2Gd1ATcSFjSA23Q0fzjjZeh0jbJvWVDZ0cJT8yaNNaaXHzueNjg==",
      "license": "0BSD"
    }
  }
}
